
Microsoft Visual Studio Solution File, Format Version 12.00
# Visual Studio 15
VisualStudioVersion = 15.0.26730.16
MinimumVisualStudioVersion = 10.0.40219.1
Project("{2150E333-8FDC-42A3-9474-1A3956D46DE8}") = "Ordering", "Ordering", "{5C0396E5-1FFF-441E-8E6A-25D873FB04C7}"
EndProject
Project("{2150E333-8FDC-42A3-9474-1A3956D46DE8}") = "Infrastructure", "Infrastructure", "{25DE1EE8-F8C6-466F-8ED9-5F609AC33878}"
EndProject
Project("{2150E333-8FDC-42A3-9474-1A3956D46DE8}") = "Test", "Test", "{4DB42735-C56F-4FF6-A069-2E3313750AC0}"
EndProject
Project("{2150E333-8FDC-42A3-9474-1A3956D46DE8}") = "Ordering", "Ordering", "{DCA94556-6673-4EB1-A15E-75B0F096DDAD}"
EndProject
Project("{2150E333-8FDC-42A3-9474-1A3956D46DE8}") = "UI", "UI", "{A00E1860-A341-46A4-9AA3-AE7FA5279303}"
EndProject
Project("{2150E333-8FDC-42A3-9474-1A3956D46DE8}") = "Solution Items", "Solution Items", "{B26F8032-7310-4CB3-A373-9A2FA80DC0FF}"
EndProject
Project("{9A19103F-16F7-4668-BE54-9A1E7A4F7556}") = "MaiDan.Website", "UI\MaiDan.Website\MaiDan.Website.csproj", "{7A98830C-0220-481E-985A-459867DACE4D}"
EndProject
Project("{9A19103F-16F7-4668-BE54-9A1E7A4F7556}") = "MaiDan.Ordering.Domain", "Ordering\MaiDan.Ordering.Domain\MaiDan.Ordering.Domain.csproj", "{A467A1D2-8C78-4D16-9710-49DA61777002}"
EndProject
Project("{9A19103F-16F7-4668-BE54-9A1E7A4F7556}") = "Test.MaiDan.Ordering", "Test\Ordering\Test.MaiDan.Ordering\Test.MaiDan.Ordering.csproj", "{0BFB691C-E1C7-4BDA-A3B7-318F1BA5D756}"
EndProject
Project("{9A19103F-16F7-4668-BE54-9A1E7A4F7556}") = "MaiDan.Infrastructure.Configuration", "Infrastructure\MaiDan.Infrastructure.Configuration\MaiDan.Infrastructure.Configuration.csproj", "{D7E41909-56E6-4C39-B113-F19B9AB04AFA}"
EndProject
Project("{9A19103F-16F7-4668-BE54-9A1E7A4F7556}") = "MaiDan.Infrastructure.Database", "Infrastructure\MaiDan.Infrastructure.Database\MaiDan.Infrastructure.Database.csproj", "{0CB483E6-6B16-4B87-980D-04089D16316C}"
EndProject
Project("{9A19103F-16F7-4668-BE54-9A1E7A4F7556}") = "MaiDan.Api", "Api\MaiDan.Api\MaiDan.Api.csproj", "{C95E3E6E-6F68-4905-857F-99922308931C}"
EndProject
Project("{9A19103F-16F7-4668-BE54-9A1E7A4F7556}") = "Test.MaiDan.Ordering.Domain", "Test\Ordering\Test.MaiDan.Ordering.Domain\Test.MaiDan.Ordering.Domain.csproj", "{3C0BAA5F-C786-499E-B9D9-995B281445C2}"
EndProject
Project("{9A19103F-16F7-4668-BE54-9A1E7A4F7556}") = "Test.MaiDan.Api", "Test\Api\Test.MaiDan.Api\Test.MaiDan.Api.csproj", "{EF8E2D33-9385-455B-AA12-E5E491DA7142}"
EndProject
Project("{9A19103F-16F7-4668-BE54-9A1E7A4F7556}") = "MaiDan.Ordering.Dal", "Ordering\MaiDan.Ordering.Dal\MaiDan.Ordering.Dal.csproj", "{37BE9C08-79F9-49B6-89B3-8316CD708192}"
EndProject
Project("{2150E333-8FDC-42A3-9474-1A3956D46DE8}") = "Api", "Api", "{EE1FC530-ADB9-4892-920A-E3104F8826A2}"
EndProject
Project("{2150E333-8FDC-42A3-9474-1A3956D46DE8}") = "Api", "Api", "{478D764D-3F60-4271-BC30-E3BB4767C374}"
EndProject
Project("{2150E333-8FDC-42A3-9474-1A3956D46DE8}") = "Billing", "Billing", "{6AD18D0D-7AE7-4ADF-BACA-DE824262C6D7}"
EndProject
Project("{2150E333-8FDC-42A3-9474-1A3956D46DE8}") = "Billing", "Billing", "{8E6D25AE-F809-4CD8-BCB7-15E2F5812024}"
EndProject
Project("{9A19103F-16F7-4668-BE54-9A1E7A4F7556}") = "Test.MaiDan.Billing.Domain", "Test\Billing\Test.MaiDan.Billing.Domain\Test.MaiDan.Billing.Domain.csproj", "{BDBE2622-2BA2-49B1-995C-2AD59007190B}"
EndProject
Project("{9A19103F-16F7-4668-BE54-9A1E7A4F7556}") = "MaiDan.Billing.Domain", "Billing\MaiDan.Billing.Domain\MaiDan.Billing.Domain.csproj", "{E756065C-A946-4EE7-BC62-184C57B113EC}"
EndProject
Project("{9A19103F-16F7-4668-BE54-9A1E7A4F7556}") = "MaiDan.Billing.Dal", "Billing\MaiDan.Billing.Dal\MaiDan.Billing.Dal.csproj", "{46556676-580A-4E21-915A-861730E91AB1}"
EndProject
Global
	GlobalSection(SolutionConfigurationPlatforms) = preSolution
		Debug|Any CPU = Debug|Any CPU
		Debug|Mixed Platforms = Debug|Mixed Platforms
		Debug|x64 = Debug|x64
		Debug|x86 = Debug|x86
		Release|Any CPU = Release|Any CPU
		Release|Mixed Platforms = Release|Mixed Platforms
		Release|x64 = Release|x64
		Release|x86 = Release|x86
	EndGlobalSection
	GlobalSection(ProjectConfigurationPlatforms) = postSolution
		{7A98830C-0220-481E-985A-459867DACE4D}.Debug|Any CPU.ActiveCfg = Debug|Any CPU
		{7A98830C-0220-481E-985A-459867DACE4D}.Debug|Any CPU.Build.0 = Debug|Any CPU
		{7A98830C-0220-481E-985A-459867DACE4D}.Debug|Mixed Platforms.ActiveCfg = Debug|Any CPU
		{7A98830C-0220-481E-985A-459867DACE4D}.Debug|Mixed Platforms.Build.0 = Debug|Any CPU
		{7A98830C-0220-481E-985A-459867DACE4D}.Debug|x64.ActiveCfg = Debug|Any CPU
		{7A98830C-0220-481E-985A-459867DACE4D}.Debug|x64.Build.0 = Debug|Any CPU
		{7A98830C-0220-481E-985A-459867DACE4D}.Debug|x86.ActiveCfg = Debug|Any CPU
		{7A98830C-0220-481E-985A-459867DACE4D}.Debug|x86.Build.0 = Debug|Any CPU
		{7A98830C-0220-481E-985A-459867DACE4D}.Release|Any CPU.ActiveCfg = Release|Any CPU
		{7A98830C-0220-481E-985A-459867DACE4D}.Release|Any CPU.Build.0 = Release|Any CPU
		{7A98830C-0220-481E-985A-459867DACE4D}.Release|Mixed Platforms.ActiveCfg = Release|Any CPU
		{7A98830C-0220-481E-985A-459867DACE4D}.Release|Mixed Platforms.Build.0 = Release|Any CPU
		{7A98830C-0220-481E-985A-459867DACE4D}.Release|x64.ActiveCfg = Release|Any CPU
		{7A98830C-0220-481E-985A-459867DACE4D}.Release|x64.Build.0 = Release|Any CPU
		{7A98830C-0220-481E-985A-459867DACE4D}.Release|x86.ActiveCfg = Release|Any CPU
		{7A98830C-0220-481E-985A-459867DACE4D}.Release|x86.Build.0 = Release|Any CPU
		{A467A1D2-8C78-4D16-9710-49DA61777002}.Debug|Any CPU.ActiveCfg = Debug|Any CPU
		{A467A1D2-8C78-4D16-9710-49DA61777002}.Debug|Any CPU.Build.0 = Debug|Any CPU
		{A467A1D2-8C78-4D16-9710-49DA61777002}.Debug|Mixed Platforms.ActiveCfg = Debug|Any CPU
		{A467A1D2-8C78-4D16-9710-49DA61777002}.Debug|Mixed Platforms.Build.0 = Debug|Any CPU
		{A467A1D2-8C78-4D16-9710-49DA61777002}.Debug|x64.ActiveCfg = Debug|Any CPU
		{A467A1D2-8C78-4D16-9710-49DA61777002}.Debug|x64.Build.0 = Debug|Any CPU
		{A467A1D2-8C78-4D16-9710-49DA61777002}.Debug|x86.ActiveCfg = Debug|Any CPU
		{A467A1D2-8C78-4D16-9710-49DA61777002}.Debug|x86.Build.0 = Debug|Any CPU
		{A467A1D2-8C78-4D16-9710-49DA61777002}.Release|Any CPU.ActiveCfg = Release|Any CPU
		{A467A1D2-8C78-4D16-9710-49DA61777002}.Release|Any CPU.Build.0 = Release|Any CPU
		{A467A1D2-8C78-4D16-9710-49DA61777002}.Release|Mixed Platforms.ActiveCfg = Release|Any CPU
		{A467A1D2-8C78-4D16-9710-49DA61777002}.Release|Mixed Platforms.Build.0 = Release|Any CPU
		{A467A1D2-8C78-4D16-9710-49DA61777002}.Release|x64.ActiveCfg = Release|Any CPU
		{A467A1D2-8C78-4D16-9710-49DA61777002}.Release|x64.Build.0 = Release|Any CPU
		{A467A1D2-8C78-4D16-9710-49DA61777002}.Release|x86.ActiveCfg = Release|Any CPU
		{A467A1D2-8C78-4D16-9710-49DA61777002}.Release|x86.Build.0 = Release|Any CPU
		{0BFB691C-E1C7-4BDA-A3B7-318F1BA5D756}.Debug|Any CPU.ActiveCfg = Debug|Any CPU
		{0BFB691C-E1C7-4BDA-A3B7-318F1BA5D756}.Debug|Any CPU.Build.0 = Debug|Any CPU
		{0BFB691C-E1C7-4BDA-A3B7-318F1BA5D756}.Debug|Mixed Platforms.ActiveCfg = Debug|Any CPU
		{0BFB691C-E1C7-4BDA-A3B7-318F1BA5D756}.Debug|Mixed Platforms.Build.0 = Debug|Any CPU
		{0BFB691C-E1C7-4BDA-A3B7-318F1BA5D756}.Debug|x64.ActiveCfg = Debug|Any CPU
		{0BFB691C-E1C7-4BDA-A3B7-318F1BA5D756}.Debug|x64.Build.0 = Debug|Any CPU
		{0BFB691C-E1C7-4BDA-A3B7-318F1BA5D756}.Debug|x86.ActiveCfg = Debug|Any CPU
		{0BFB691C-E1C7-4BDA-A3B7-318F1BA5D756}.Debug|x86.Build.0 = Debug|Any CPU
		{0BFB691C-E1C7-4BDA-A3B7-318F1BA5D756}.Release|Any CPU.ActiveCfg = Release|Any CPU
		{0BFB691C-E1C7-4BDA-A3B7-318F1BA5D756}.Release|Any CPU.Build.0 = Release|Any CPU
		{0BFB691C-E1C7-4BDA-A3B7-318F1BA5D756}.Release|Mixed Platforms.ActiveCfg = Release|Any CPU
		{0BFB691C-E1C7-4BDA-A3B7-318F1BA5D756}.Release|Mixed Platforms.Build.0 = Release|Any CPU
		{0BFB691C-E1C7-4BDA-A3B7-318F1BA5D756}.Release|x64.ActiveCfg = Release|Any CPU
		{0BFB691C-E1C7-4BDA-A3B7-318F1BA5D756}.Release|x64.Build.0 = Release|Any CPU
		{0BFB691C-E1C7-4BDA-A3B7-318F1BA5D756}.Release|x86.ActiveCfg = Release|Any CPU
		{0BFB691C-E1C7-4BDA-A3B7-318F1BA5D756}.Release|x86.Build.0 = Release|Any CPU
		{D7E41909-56E6-4C39-B113-F19B9AB04AFA}.Debug|Any CPU.ActiveCfg = Debug|Any CPU
		{D7E41909-56E6-4C39-B113-F19B9AB04AFA}.Debug|Any CPU.Build.0 = Debug|Any CPU
		{D7E41909-56E6-4C39-B113-F19B9AB04AFA}.Debug|Mixed Platforms.ActiveCfg = Debug|Any CPU
		{D7E41909-56E6-4C39-B113-F19B9AB04AFA}.Debug|Mixed Platforms.Build.0 = Debug|Any CPU
		{D7E41909-56E6-4C39-B113-F19B9AB04AFA}.Debug|x64.ActiveCfg = Debug|Any CPU
		{D7E41909-56E6-4C39-B113-F19B9AB04AFA}.Debug|x64.Build.0 = Debug|Any CPU
		{D7E41909-56E6-4C39-B113-F19B9AB04AFA}.Debug|x86.ActiveCfg = Debug|Any CPU
		{D7E41909-56E6-4C39-B113-F19B9AB04AFA}.Debug|x86.Build.0 = Debug|Any CPU
		{D7E41909-56E6-4C39-B113-F19B9AB04AFA}.Release|Any CPU.ActiveCfg = Release|Any CPU
		{D7E41909-56E6-4C39-B113-F19B9AB04AFA}.Release|Any CPU.Build.0 = Release|Any CPU
		{D7E41909-56E6-4C39-B113-F19B9AB04AFA}.Release|Mixed Platforms.ActiveCfg = Release|Any CPU
		{D7E41909-56E6-4C39-B113-F19B9AB04AFA}.Release|Mixed Platforms.Build.0 = Release|Any CPU
		{D7E41909-56E6-4C39-B113-F19B9AB04AFA}.Release|x64.ActiveCfg = Release|Any CPU
		{D7E41909-56E6-4C39-B113-F19B9AB04AFA}.Release|x64.Build.0 = Release|Any CPU
		{D7E41909-56E6-4C39-B113-F19B9AB04AFA}.Release|x86.ActiveCfg = Release|Any CPU
		{D7E41909-56E6-4C39-B113-F19B9AB04AFA}.Release|x86.Build.0 = Release|Any CPU
		{0CB483E6-6B16-4B87-980D-04089D16316C}.Debug|Any CPU.ActiveCfg = Debug|Any CPU
		{0CB483E6-6B16-4B87-980D-04089D16316C}.Debug|Any CPU.Build.0 = Debug|Any CPU
		{0CB483E6-6B16-4B87-980D-04089D16316C}.Debug|Mixed Platforms.ActiveCfg = Debug|Any CPU
		{0CB483E6-6B16-4B87-980D-04089D16316C}.Debug|Mixed Platforms.Build.0 = Debug|Any CPU
		{0CB483E6-6B16-4B87-980D-04089D16316C}.Debug|x64.ActiveCfg = Debug|Any CPU
		{0CB483E6-6B16-4B87-980D-04089D16316C}.Debug|x64.Build.0 = Debug|Any CPU
		{0CB483E6-6B16-4B87-980D-04089D16316C}.Debug|x86.ActiveCfg = Debug|Any CPU
		{0CB483E6-6B16-4B87-980D-04089D16316C}.Debug|x86.Build.0 = Debug|Any CPU
		{0CB483E6-6B16-4B87-980D-04089D16316C}.Release|Any CPU.ActiveCfg = Release|Any CPU
		{0CB483E6-6B16-4B87-980D-04089D16316C}.Release|Any CPU.Build.0 = Release|Any CPU
		{0CB483E6-6B16-4B87-980D-04089D16316C}.Release|Mixed Platforms.ActiveCfg = Release|Any CPU
		{0CB483E6-6B16-4B87-980D-04089D16316C}.Release|Mixed Platforms.Build.0 = Release|Any CPU
		{0CB483E6-6B16-4B87-980D-04089D16316C}.Release|x64.ActiveCfg = Release|Any CPU
		{0CB483E6-6B16-4B87-980D-04089D16316C}.Release|x64.Build.0 = Release|Any CPU
		{0CB483E6-6B16-4B87-980D-04089D16316C}.Release|x86.ActiveCfg = Release|Any CPU
		{0CB483E6-6B16-4B87-980D-04089D16316C}.Release|x86.Build.0 = Release|Any CPU
		{C95E3E6E-6F68-4905-857F-99922308931C}.Debug|Any CPU.ActiveCfg = Debug|Any CPU
		{C95E3E6E-6F68-4905-857F-99922308931C}.Debug|Any CPU.Build.0 = Debug|Any CPU
		{C95E3E6E-6F68-4905-857F-99922308931C}.Debug|Mixed Platforms.ActiveCfg = Debug|Any CPU
		{C95E3E6E-6F68-4905-857F-99922308931C}.Debug|Mixed Platforms.Build.0 = Debug|Any CPU
		{C95E3E6E-6F68-4905-857F-99922308931C}.Debug|x64.ActiveCfg = Debug|Any CPU
		{C95E3E6E-6F68-4905-857F-99922308931C}.Debug|x64.Build.0 = Debug|Any CPU
		{C95E3E6E-6F68-4905-857F-99922308931C}.Debug|x86.ActiveCfg = Debug|Any CPU
		{C95E3E6E-6F68-4905-857F-99922308931C}.Debug|x86.Build.0 = Debug|Any CPU
		{C95E3E6E-6F68-4905-857F-99922308931C}.Release|Any CPU.ActiveCfg = Release|Any CPU
		{C95E3E6E-6F68-4905-857F-99922308931C}.Release|Any CPU.Build.0 = Release|Any CPU
		{C95E3E6E-6F68-4905-857F-99922308931C}.Release|Mixed Platforms.ActiveCfg = Release|Any CPU
		{C95E3E6E-6F68-4905-857F-99922308931C}.Release|Mixed Platforms.Build.0 = Release|Any CPU
		{C95E3E6E-6F68-4905-857F-99922308931C}.Release|x64.ActiveCfg = Release|Any CPU
		{C95E3E6E-6F68-4905-857F-99922308931C}.Release|x64.Build.0 = Release|Any CPU
		{C95E3E6E-6F68-4905-857F-99922308931C}.Release|x86.ActiveCfg = Release|Any CPU
		{C95E3E6E-6F68-4905-857F-99922308931C}.Release|x86.Build.0 = Release|Any CPU
		{3C0BAA5F-C786-499E-B9D9-995B281445C2}.Debug|Any CPU.ActiveCfg = Debug|Any CPU
		{3C0BAA5F-C786-499E-B9D9-995B281445C2}.Debug|Any CPU.Build.0 = Debug|Any CPU
		{3C0BAA5F-C786-499E-B9D9-995B281445C2}.Debug|Mixed Platforms.ActiveCfg = Debug|Any CPU
		{3C0BAA5F-C786-499E-B9D9-995B281445C2}.Debug|Mixed Platforms.Build.0 = Debug|Any CPU
		{3C0BAA5F-C786-499E-B9D9-995B281445C2}.Debug|x64.ActiveCfg = Debug|Any CPU
		{3C0BAA5F-C786-499E-B9D9-995B281445C2}.Debug|x64.Build.0 = Debug|Any CPU
		{3C0BAA5F-C786-499E-B9D9-995B281445C2}.Debug|x86.ActiveCfg = Debug|Any CPU
		{3C0BAA5F-C786-499E-B9D9-995B281445C2}.Debug|x86.Build.0 = Debug|Any CPU
		{3C0BAA5F-C786-499E-B9D9-995B281445C2}.Release|Any CPU.ActiveCfg = Release|Any CPU
		{3C0BAA5F-C786-499E-B9D9-995B281445C2}.Release|Any CPU.Build.0 = Release|Any CPU
		{3C0BAA5F-C786-499E-B9D9-995B281445C2}.Release|Mixed Platforms.ActiveCfg = Release|Any CPU
		{3C0BAA5F-C786-499E-B9D9-995B281445C2}.Release|Mixed Platforms.Build.0 = Release|Any CPU
		{3C0BAA5F-C786-499E-B9D9-995B281445C2}.Release|x64.ActiveCfg = Release|Any CPU
		{3C0BAA5F-C786-499E-B9D9-995B281445C2}.Release|x64.Build.0 = Release|Any CPU
		{3C0BAA5F-C786-499E-B9D9-995B281445C2}.Release|x86.ActiveCfg = Release|Any CPU
		{3C0BAA5F-C786-499E-B9D9-995B281445C2}.Release|x86.Build.0 = Release|Any CPU
		{EF8E2D33-9385-455B-AA12-E5E491DA7142}.Debug|Any CPU.ActiveCfg = Debug|Any CPU
		{EF8E2D33-9385-455B-AA12-E5E491DA7142}.Debug|Any CPU.Build.0 = Debug|Any CPU
		{EF8E2D33-9385-455B-AA12-E5E491DA7142}.Debug|Mixed Platforms.ActiveCfg = Debug|Any CPU
		{EF8E2D33-9385-455B-AA12-E5E491DA7142}.Debug|Mixed Platforms.Build.0 = Debug|Any CPU
		{EF8E2D33-9385-455B-AA12-E5E491DA7142}.Debug|x64.ActiveCfg = Debug|Any CPU
		{EF8E2D33-9385-455B-AA12-E5E491DA7142}.Debug|x64.Build.0 = Debug|Any CPU
		{EF8E2D33-9385-455B-AA12-E5E491DA7142}.Debug|x86.ActiveCfg = Debug|Any CPU
		{EF8E2D33-9385-455B-AA12-E5E491DA7142}.Debug|x86.Build.0 = Debug|Any CPU
		{EF8E2D33-9385-455B-AA12-E5E491DA7142}.Release|Any CPU.ActiveCfg = Release|Any CPU
		{EF8E2D33-9385-455B-AA12-E5E491DA7142}.Release|Any CPU.Build.0 = Release|Any CPU
		{EF8E2D33-9385-455B-AA12-E5E491DA7142}.Release|Mixed Platforms.ActiveCfg = Release|Any CPU
		{EF8E2D33-9385-455B-AA12-E5E491DA7142}.Release|Mixed Platforms.Build.0 = Release|Any CPU
		{EF8E2D33-9385-455B-AA12-E5E491DA7142}.Release|x64.ActiveCfg = Release|Any CPU
		{EF8E2D33-9385-455B-AA12-E5E491DA7142}.Release|x64.Build.0 = Release|Any CPU
		{EF8E2D33-9385-455B-AA12-E5E491DA7142}.Release|x86.ActiveCfg = Release|Any CPU
		{EF8E2D33-9385-455B-AA12-E5E491DA7142}.Release|x86.Build.0 = Release|Any CPU
		{37BE9C08-79F9-49B6-89B3-8316CD708192}.Debug|Any CPU.ActiveCfg = Debug|Any CPU
		{37BE9C08-79F9-49B6-89B3-8316CD708192}.Debug|Any CPU.Build.0 = Debug|Any CPU
		{37BE9C08-79F9-49B6-89B3-8316CD708192}.Debug|Mixed Platforms.ActiveCfg = Debug|Any CPU
		{37BE9C08-79F9-49B6-89B3-8316CD708192}.Debug|Mixed Platforms.Build.0 = Debug|Any CPU
		{37BE9C08-79F9-49B6-89B3-8316CD708192}.Debug|x64.ActiveCfg = Debug|Any CPU
		{37BE9C08-79F9-49B6-89B3-8316CD708192}.Debug|x64.Build.0 = Debug|Any CPU
		{37BE9C08-79F9-49B6-89B3-8316CD708192}.Debug|x86.ActiveCfg = Debug|Any CPU
		{37BE9C08-79F9-49B6-89B3-8316CD708192}.Debug|x86.Build.0 = Debug|Any CPU
		{37BE9C08-79F9-49B6-89B3-8316CD708192}.Release|Any CPU.ActiveCfg = Release|Any CPU
		{37BE9C08-79F9-49B6-89B3-8316CD708192}.Release|Any CPU.Build.0 = Release|Any CPU
		{37BE9C08-79F9-49B6-89B3-8316CD708192}.Release|Mixed Platforms.ActiveCfg = Release|Any CPU
		{37BE9C08-79F9-49B6-89B3-8316CD708192}.Release|Mixed Platforms.Build.0 = Release|Any CPU
		{37BE9C08-79F9-49B6-89B3-8316CD708192}.Release|x64.ActiveCfg = Release|Any CPU
		{37BE9C08-79F9-49B6-89B3-8316CD708192}.Release|x64.Build.0 = Release|Any CPU
		{37BE9C08-79F9-49B6-89B3-8316CD708192}.Release|x86.ActiveCfg = Release|Any CPU
		{37BE9C08-79F9-49B6-89B3-8316CD708192}.Release|x86.Build.0 = Release|Any CPU
		{BDBE2622-2BA2-49B1-995C-2AD59007190B}.Debug|Any CPU.ActiveCfg = Debug|Any CPU
		{BDBE2622-2BA2-49B1-995C-2AD59007190B}.Debug|Any CPU.Build.0 = Debug|Any CPU
		{BDBE2622-2BA2-49B1-995C-2AD59007190B}.Debug|Mixed Platforms.ActiveCfg = Debug|Any CPU
		{BDBE2622-2BA2-49B1-995C-2AD59007190B}.Debug|Mixed Platforms.Build.0 = Debug|Any CPU
		{BDBE2622-2BA2-49B1-995C-2AD59007190B}.Debug|x64.ActiveCfg = Debug|Any CPU
		{BDBE2622-2BA2-49B1-995C-2AD59007190B}.Debug|x64.Build.0 = Debug|Any CPU
		{BDBE2622-2BA2-49B1-995C-2AD59007190B}.Debug|x86.ActiveCfg = Debug|Any CPU
		{BDBE2622-2BA2-49B1-995C-2AD59007190B}.Debug|x86.Build.0 = Debug|Any CPU
		{BDBE2622-2BA2-49B1-995C-2AD59007190B}.Release|Any CPU.ActiveCfg = Release|Any CPU
		{BDBE2622-2BA2-49B1-995C-2AD59007190B}.Release|Any CPU.Build.0 = Release|Any CPU
		{BDBE2622-2BA2-49B1-995C-2AD59007190B}.Release|Mixed Platforms.ActiveCfg = Release|Any CPU
		{BDBE2622-2BA2-49B1-995C-2AD59007190B}.Release|Mixed Platforms.Build.0 = Release|Any CPU
		{BDBE2622-2BA2-49B1-995C-2AD59007190B}.Release|x64.ActiveCfg = Release|Any CPU
		{BDBE2622-2BA2-49B1-995C-2AD59007190B}.Release|x64.Build.0 = Release|Any CPU
		{BDBE2622-2BA2-49B1-995C-2AD59007190B}.Release|x86.ActiveCfg = Release|Any CPU
		{BDBE2622-2BA2-49B1-995C-2AD59007190B}.Release|x86.Build.0 = Release|Any CPU
		{E756065C-A946-4EE7-BC62-184C57B113EC}.Debug|Any CPU.ActiveCfg = Debug|Any CPU
		{E756065C-A946-4EE7-BC62-184C57B113EC}.Debug|Any CPU.Build.0 = Debug|Any CPU
		{E756065C-A946-4EE7-BC62-184C57B113EC}.Debug|Mixed Platforms.ActiveCfg = Debug|Any CPU
		{E756065C-A946-4EE7-BC62-184C57B113EC}.Debug|Mixed Platforms.Build.0 = Debug|Any CPU
		{E756065C-A946-4EE7-BC62-184C57B113EC}.Debug|x64.ActiveCfg = Debug|Any CPU
		{E756065C-A946-4EE7-BC62-184C57B113EC}.Debug|x64.Build.0 = Debug|Any CPU
		{E756065C-A946-4EE7-BC62-184C57B113EC}.Debug|x86.ActiveCfg = Debug|Any CPU
		{E756065C-A946-4EE7-BC62-184C57B113EC}.Debug|x86.Build.0 = Debug|Any CPU
		{E756065C-A946-4EE7-BC62-184C57B113EC}.Release|Any CPU.ActiveCfg = Release|Any CPU
		{E756065C-A946-4EE7-BC62-184C57B113EC}.Release|Any CPU.Build.0 = Release|Any CPU
		{E756065C-A946-4EE7-BC62-184C57B113EC}.Release|Mixed Platforms.ActiveCfg = Release|Any CPU
		{E756065C-A946-4EE7-BC62-184C57B113EC}.Release|Mixed Platforms.Build.0 = Release|Any CPU
		{E756065C-A946-4EE7-BC62-184C57B113EC}.Release|x64.ActiveCfg = Release|Any CPU
		{E756065C-A946-4EE7-BC62-184C57B113EC}.Release|x64.Build.0 = Release|Any CPU
		{E756065C-A946-4EE7-BC62-184C57B113EC}.Release|x86.ActiveCfg = Release|Any CPU
		{E756065C-A946-4EE7-BC62-184C57B113EC}.Release|x86.Build.0 = Release|Any CPU
		{46556676-580A-4E21-915A-861730E91AB1}.Debug|Any CPU.ActiveCfg = Debug|Any CPU
		{46556676-580A-4E21-915A-861730E91AB1}.Debug|Any CPU.Build.0 = Debug|Any CPU
		{46556676-580A-4E21-915A-861730E91AB1}.Debug|Mixed Platforms.ActiveCfg = Debug|Any CPU
		{46556676-580A-4E21-915A-861730E91AB1}.Debug|Mixed Platforms.Build.0 = Debug|Any CPU
		{46556676-580A-4E21-915A-861730E91AB1}.Debug|x64.ActiveCfg = Debug|Any CPU
		{46556676-580A-4E21-915A-861730E91AB1}.Debug|x64.Build.0 = Debug|Any CPU
		{46556676-580A-4E21-915A-861730E91AB1}.Debug|x86.ActiveCfg = Debug|Any CPU
		{46556676-580A-4E21-915A-861730E91AB1}.Debug|x86.Build.0 = Debug|Any CPU
		{46556676-580A-4E21-915A-861730E91AB1}.Release|Any CPU.ActiveCfg = Release|Any CPU
		{46556676-580A-4E21-915A-861730E91AB1}.Release|Any CPU.Build.0 = Release|Any CPU
		{46556676-580A-4E21-915A-861730E91AB1}.Release|Mixed Platforms.ActiveCfg = Release|Any CPU
		{46556676-580A-4E21-915A-861730E91AB1}.Release|Mixed Platforms.Build.0 = Release|Any CPU
		{46556676-580A-4E21-915A-861730E91AB1}.Release|x64.ActiveCfg = Release|Any CPU
		{46556676-580A-4E21-915A-861730E91AB1}.Release|x64.Build.0 = Release|Any CPU
		{46556676-580A-4E21-915A-861730E91AB1}.Release|x86.ActiveCfg = Release|Any CPU
		{46556676-580A-4E21-915A-861730E91AB1}.Release|x86.Build.0 = Release|Any CPU
	EndGlobalSection
	GlobalSection(SolutionProperties) = preSolution
		HideSolutionNode = FALSE
	EndGlobalSection
	GlobalSection(NestedProjects) = preSolution
		{DCA94556-6673-4EB1-A15E-75B0F096DDAD} = {4DB42735-C56F-4FF6-A069-2E3313750AC0}
		{7A98830C-0220-481E-985A-459867DACE4D} = {A00E1860-A341-46A4-9AA3-AE7FA5279303}
		{A467A1D2-8C78-4D16-9710-49DA61777002} = {5C0396E5-1FFF-441E-8E6A-25D873FB04C7}
		{0BFB691C-E1C7-4BDA-A3B7-318F1BA5D756} = {DCA94556-6673-4EB1-A15E-75B0F096DDAD}
		{D7E41909-56E6-4C39-B113-F19B9AB04AFA} = {25DE1EE8-F8C6-466F-8ED9-5F609AC33878}
		{0CB483E6-6B16-4B87-980D-04089D16316C} = {25DE1EE8-F8C6-466F-8ED9-5F609AC33878}
		{C95E3E6E-6F68-4905-857F-99922308931C} = {EE1FC530-ADB9-4892-920A-E3104F8826A2}
		{3C0BAA5F-C786-499E-B9D9-995B281445C2} = {DCA94556-6673-4EB1-A15E-75B0F096DDAD}
		{EF8E2D33-9385-455B-AA12-E5E491DA7142} = {478D764D-3F60-4271-BC30-E3BB4767C374}
		{37BE9C08-79F9-49B6-89B3-8316CD708192} = {5C0396E5-1FFF-441E-8E6A-25D873FB04C7}
		{478D764D-3F60-4271-BC30-E3BB4767C374} = {4DB42735-C56F-4FF6-A069-2E3313750AC0}
		{8E6D25AE-F809-4CD8-BCB7-15E2F5812024} = {4DB42735-C56F-4FF6-A069-2E3313750AC0}
		{BDBE2622-2BA2-49B1-995C-2AD59007190B} = {8E6D25AE-F809-4CD8-BCB7-15E2F5812024}
		{E756065C-A946-4EE7-BC62-184C57B113EC} = {6AD18D0D-7AE7-4ADF-BACA-DE824262C6D7}
		{46556676-580A-4E21-915A-861730E91AB1} = {6AD18D0D-7AE7-4ADF-BACA-DE824262C6D7}
	EndGlobalSection
	GlobalSection(ExtensibilityGlobals) = postSolution
		SolutionGuid = {6BD649B0-310E-4D39-9639-4086B56695E5}
	EndGlobalSection
EndGlobal
