
Microsoft Visual Studio Solution File, Format Version 12.00
# Visual Studio 2013
VisualStudioVersion = 12.0.31101.0
MinimumVisualStudioVersion = 10.0.40219.1
Project("{FAE04EC0-301F-11D3-BF4B-00C04F79EFBC}") = "MaiDan.Service.Domain", "Service\MaiDan.Service.Domain\MaiDan.Service.Domain.csproj", "{F80E8620-560A-42C3-83E4-5A398BF03BAE}"
EndProject
Project("{FAE04EC0-301F-11D3-BF4B-00C04F79EFBC}") = "MaiDan.Service.Dal", "Service\MaiDan.Service.Dal\MaiDan.Service.Dal.csproj", "{9C351C83-D8D0-4839-A895-BDD8278B4086}"
EndProject
Project("{FAE04EC0-301F-11D3-BF4B-00C04F79EFBC}") = "MaiDan.Service.Business", "Service\MaiDan.Service.Business\MaiDan.Service.Business.csproj", "{9EE73C3E-7B08-4BAA-914B-3E6F290DD391}"
EndProject
Project("{FAE04EC0-301F-11D3-BF4B-00C04F79EFBC}") = "Test.MaiDan.Service.Business", "Test\Service\Test.MaiDan.Service.Business\Test.MaiDan.Service.Business.csproj", "{3BFFC46C-19D7-4B6F-A2D2-DE8F1BFBD7C8}"
EndProject
Project("{FAE04EC0-301F-11D3-BF4B-00C04F79EFBC}") = "Test.MaiDan.Service.Dal", "Test\Service\Test.MaiDan.Service.Dal\Test.MaiDan.Service.Dal.csproj", "{19E01235-AB20-452D-ABCC-A42E6CA4F33B}"
EndProject
Project("{FAE04EC0-301F-11D3-BF4B-00C04F79EFBC}") = "Test.MaiDan.Service.Domain", "Test\Service\Test.MaiDan.Service.Domain\Test.MaiDan.Service.Domain.csproj", "{BA2B2995-0BD1-4EA7-8942-F031F7EB1F24}"
EndProject
Project("{FAE04EC0-301F-11D3-BF4B-00C04F79EFBC}") = "Test.MaiDan.Service", "Test\Service\Test.MaiDan.Service\Test.MaiDan.Service.csproj", "{FD684185-5741-4EDB-95CA-92284CE768DF}"
EndProject
Project("{FAE04EC0-301F-11D3-BF4B-00C04F79EFBC}") = "Test.MaiDan.Service.Dal.Integration", "Test\Service\Test.MaiDan.Service.Dal.Integration\Test.MaiDan.Service.Dal.Integration.csproj", "{11768730-EE5D-4787-82CD-27CB53F8E0C7}"
EndProject
Project("{FAE04EC0-301F-11D3-BF4B-00C04F79EFBC}") = "MaiDan.Service.Dal.Mapping", "Service\MaiDan.Service.Dal.Mapping\MaiDan.Service.Dal.Mapping.csproj", "{FCE8AE51-939B-4965-8228-48EC941B77A7}"
EndProject
Project("{FAE04EC0-301F-11D3-BF4B-00C04F79EFBC}") = "MaiDan.Infrastructure", "Infrastructure\MaiDan.Infrastructure\MaiDan.Infrastructure.csproj", "{1B10E3EC-C22A-4E78-BF37-339B2801DCD6}"
EndProject
Project("{2150E333-8FDC-42A3-9474-1A3956D46DE8}") = "Service", "Service", "{5C0396E5-1FFF-441E-8E6A-25D873FB04C7}"
EndProject
Project("{2150E333-8FDC-42A3-9474-1A3956D46DE8}") = "Infrastructure", "Infrastructure", "{25DE1EE8-F8C6-466F-8ED9-5F609AC33878}"
EndProject
Project("{FAE04EC0-301F-11D3-BF4B-00C04F79EFBC}") = "Test.MaiDan.Infrastructure", "Test\Infrastructure\Test.MaiDan.Infrastructure\Test.MaiDan.Infrastructure.csproj", "{E2A39310-94C0-40D9-9B6F-0F1DCE11B1EB}"
EndProject
Project("{FAE04EC0-301F-11D3-BF4B-00C04F79EFBC}") = "MaiDan.Infrastructure.Contract", "Infrastructure\MaiDan.Infrastructure.Contract\MaiDan.Infrastructure.Contract.csproj", "{E0EBA34D-F1E7-4C50-AF4A-FD066A3014FC}"
EndProject
Project("{2150E333-8FDC-42A3-9474-1A3956D46DE8}") = "Test", "Test", "{4DB42735-C56F-4FF6-A069-2E3313750AC0}"
EndProject
Project("{2150E333-8FDC-42A3-9474-1A3956D46DE8}") = "Infrastructure", "Infrastructure", "{B7A73E20-6475-4CE4-8866-4D6732A8632E}"
EndProject
Project("{2150E333-8FDC-42A3-9474-1A3956D46DE8}") = "Service", "Service", "{DCA94556-6673-4EB1-A15E-75B0F096DDAD}"
EndProject
Project("{FAE04EC0-301F-11D3-BF4B-00C04F79EFBC}") = "MaiDan.Infrastructure.ServiceHost", "Infrastructure\MaiDan.Infrastructure.ServiceHost\MaiDan.Infrastructure.ServiceHost.csproj", "{6C476256-5221-491F-B9AD-C6B3AA57DD0C}"
EndProject
Global
	GlobalSection(SolutionConfigurationPlatforms) = preSolution
		Debug|Any CPU = Debug|Any CPU
		Debug|Mixed Platforms = Debug|Mixed Platforms
		Debug|x64 = Debug|x64
		Debug|x86 = Debug|x86
		Release|Any CPU = Release|Any CPU
		Release|Mixed Platforms = Release|Mixed Platforms
		Release|x64 = Release|x64
		Release|x86 = Release|x86
	EndGlobalSection
	GlobalSection(ProjectConfigurationPlatforms) = postSolution
		{F80E8620-560A-42C3-83E4-5A398BF03BAE}.Debug|Any CPU.ActiveCfg = Debug|Any CPU
		{F80E8620-560A-42C3-83E4-5A398BF03BAE}.Debug|Any CPU.Build.0 = Debug|Any CPU
		{F80E8620-560A-42C3-83E4-5A398BF03BAE}.Debug|Mixed Platforms.ActiveCfg = Debug|Any CPU
		{F80E8620-560A-42C3-83E4-5A398BF03BAE}.Debug|Mixed Platforms.Build.0 = Debug|Any CPU
		{F80E8620-560A-42C3-83E4-5A398BF03BAE}.Debug|x64.ActiveCfg = Debug|x64
		{F80E8620-560A-42C3-83E4-5A398BF03BAE}.Debug|x64.Build.0 = Debug|x64
		{F80E8620-560A-42C3-83E4-5A398BF03BAE}.Debug|x86.ActiveCfg = Debug|x86
		{F80E8620-560A-42C3-83E4-5A398BF03BAE}.Debug|x86.Build.0 = Debug|x86
		{F80E8620-560A-42C3-83E4-5A398BF03BAE}.Release|Any CPU.ActiveCfg = Release|Any CPU
		{F80E8620-560A-42C3-83E4-5A398BF03BAE}.Release|Any CPU.Build.0 = Release|Any CPU
		{F80E8620-560A-42C3-83E4-5A398BF03BAE}.Release|Mixed Platforms.ActiveCfg = Release|Any CPU
		{F80E8620-560A-42C3-83E4-5A398BF03BAE}.Release|Mixed Platforms.Build.0 = Release|Any CPU
		{F80E8620-560A-42C3-83E4-5A398BF03BAE}.Release|x64.ActiveCfg = Release|x64
		{F80E8620-560A-42C3-83E4-5A398BF03BAE}.Release|x64.Build.0 = Release|x64
		{F80E8620-560A-42C3-83E4-5A398BF03BAE}.Release|x86.ActiveCfg = Release|x86
		{F80E8620-560A-42C3-83E4-5A398BF03BAE}.Release|x86.Build.0 = Release|x86
		{9C351C83-D8D0-4839-A895-BDD8278B4086}.Debug|Any CPU.ActiveCfg = Debug|Any CPU
		{9C351C83-D8D0-4839-A895-BDD8278B4086}.Debug|Any CPU.Build.0 = Debug|Any CPU
		{9C351C83-D8D0-4839-A895-BDD8278B4086}.Debug|Mixed Platforms.ActiveCfg = Debug|Any CPU
		{9C351C83-D8D0-4839-A895-BDD8278B4086}.Debug|Mixed Platforms.Build.0 = Debug|Any CPU
		{9C351C83-D8D0-4839-A895-BDD8278B4086}.Debug|x64.ActiveCfg = Debug|x64
		{9C351C83-D8D0-4839-A895-BDD8278B4086}.Debug|x64.Build.0 = Debug|x64
		{9C351C83-D8D0-4839-A895-BDD8278B4086}.Debug|x86.ActiveCfg = Debug|x86
		{9C351C83-D8D0-4839-A895-BDD8278B4086}.Debug|x86.Build.0 = Debug|x86
		{9C351C83-D8D0-4839-A895-BDD8278B4086}.Release|Any CPU.ActiveCfg = Release|Any CPU
		{9C351C83-D8D0-4839-A895-BDD8278B4086}.Release|Any CPU.Build.0 = Release|Any CPU
		{9C351C83-D8D0-4839-A895-BDD8278B4086}.Release|Mixed Platforms.ActiveCfg = Release|Any CPU
		{9C351C83-D8D0-4839-A895-BDD8278B4086}.Release|Mixed Platforms.Build.0 = Release|Any CPU
		{9C351C83-D8D0-4839-A895-BDD8278B4086}.Release|x64.ActiveCfg = Release|x64
		{9C351C83-D8D0-4839-A895-BDD8278B4086}.Release|x64.Build.0 = Release|x64
		{9C351C83-D8D0-4839-A895-BDD8278B4086}.Release|x86.ActiveCfg = Release|x86
		{9C351C83-D8D0-4839-A895-BDD8278B4086}.Release|x86.Build.0 = Release|x86
		{9EE73C3E-7B08-4BAA-914B-3E6F290DD391}.Debug|Any CPU.ActiveCfg = Debug|Any CPU
		{9EE73C3E-7B08-4BAA-914B-3E6F290DD391}.Debug|Any CPU.Build.0 = Debug|Any CPU
		{9EE73C3E-7B08-4BAA-914B-3E6F290DD391}.Debug|Mixed Platforms.ActiveCfg = Debug|Any CPU
		{9EE73C3E-7B08-4BAA-914B-3E6F290DD391}.Debug|Mixed Platforms.Build.0 = Debug|Any CPU
		{9EE73C3E-7B08-4BAA-914B-3E6F290DD391}.Debug|x64.ActiveCfg = Debug|x64
		{9EE73C3E-7B08-4BAA-914B-3E6F290DD391}.Debug|x64.Build.0 = Debug|x64
		{9EE73C3E-7B08-4BAA-914B-3E6F290DD391}.Debug|x86.ActiveCfg = Debug|x86
		{9EE73C3E-7B08-4BAA-914B-3E6F290DD391}.Debug|x86.Build.0 = Debug|x86
		{9EE73C3E-7B08-4BAA-914B-3E6F290DD391}.Release|Any CPU.ActiveCfg = Release|Any CPU
		{9EE73C3E-7B08-4BAA-914B-3E6F290DD391}.Release|Any CPU.Build.0 = Release|Any CPU
		{9EE73C3E-7B08-4BAA-914B-3E6F290DD391}.Release|Mixed Platforms.ActiveCfg = Release|Any CPU
		{9EE73C3E-7B08-4BAA-914B-3E6F290DD391}.Release|Mixed Platforms.Build.0 = Release|Any CPU
		{9EE73C3E-7B08-4BAA-914B-3E6F290DD391}.Release|x64.ActiveCfg = Release|x64
		{9EE73C3E-7B08-4BAA-914B-3E6F290DD391}.Release|x64.Build.0 = Release|x64
		{9EE73C3E-7B08-4BAA-914B-3E6F290DD391}.Release|x86.ActiveCfg = Release|x86
		{9EE73C3E-7B08-4BAA-914B-3E6F290DD391}.Release|x86.Build.0 = Release|x86
		{3BFFC46C-19D7-4B6F-A2D2-DE8F1BFBD7C8}.Debug|Any CPU.ActiveCfg = Debug|Any CPU
		{3BFFC46C-19D7-4B6F-A2D2-DE8F1BFBD7C8}.Debug|Any CPU.Build.0 = Debug|Any CPU
		{3BFFC46C-19D7-4B6F-A2D2-DE8F1BFBD7C8}.Debug|Mixed Platforms.ActiveCfg = Debug|Any CPU
		{3BFFC46C-19D7-4B6F-A2D2-DE8F1BFBD7C8}.Debug|Mixed Platforms.Build.0 = Debug|Any CPU
		{3BFFC46C-19D7-4B6F-A2D2-DE8F1BFBD7C8}.Debug|x64.ActiveCfg = Debug|x64
		{3BFFC46C-19D7-4B6F-A2D2-DE8F1BFBD7C8}.Debug|x64.Build.0 = Debug|x64
		{3BFFC46C-19D7-4B6F-A2D2-DE8F1BFBD7C8}.Debug|x86.ActiveCfg = Debug|x86
		{3BFFC46C-19D7-4B6F-A2D2-DE8F1BFBD7C8}.Debug|x86.Build.0 = Debug|x86
		{3BFFC46C-19D7-4B6F-A2D2-DE8F1BFBD7C8}.Release|Any CPU.ActiveCfg = Release|Any CPU
		{3BFFC46C-19D7-4B6F-A2D2-DE8F1BFBD7C8}.Release|Any CPU.Build.0 = Release|Any CPU
		{3BFFC46C-19D7-4B6F-A2D2-DE8F1BFBD7C8}.Release|Mixed Platforms.ActiveCfg = Release|Any CPU
		{3BFFC46C-19D7-4B6F-A2D2-DE8F1BFBD7C8}.Release|Mixed Platforms.Build.0 = Release|Any CPU
		{3BFFC46C-19D7-4B6F-A2D2-DE8F1BFBD7C8}.Release|x64.ActiveCfg = Release|x64
		{3BFFC46C-19D7-4B6F-A2D2-DE8F1BFBD7C8}.Release|x64.Build.0 = Release|x64
		{3BFFC46C-19D7-4B6F-A2D2-DE8F1BFBD7C8}.Release|x86.ActiveCfg = Release|x86
		{3BFFC46C-19D7-4B6F-A2D2-DE8F1BFBD7C8}.Release|x86.Build.0 = Release|x86
		{19E01235-AB20-452D-ABCC-A42E6CA4F33B}.Debug|Any CPU.ActiveCfg = Debug|Any CPU
		{19E01235-AB20-452D-ABCC-A42E6CA4F33B}.Debug|Any CPU.Build.0 = Debug|Any CPU
		{19E01235-AB20-452D-ABCC-A42E6CA4F33B}.Debug|Mixed Platforms.ActiveCfg = Debug|Any CPU
		{19E01235-AB20-452D-ABCC-A42E6CA4F33B}.Debug|Mixed Platforms.Build.0 = Debug|Any CPU
		{19E01235-AB20-452D-ABCC-A42E6CA4F33B}.Debug|x64.ActiveCfg = Debug|Any CPU
		{19E01235-AB20-452D-ABCC-A42E6CA4F33B}.Debug|x64.Build.0 = Debug|Any CPU
		{19E01235-AB20-452D-ABCC-A42E6CA4F33B}.Debug|x86.ActiveCfg = Debug|x86
		{19E01235-AB20-452D-ABCC-A42E6CA4F33B}.Debug|x86.Build.0 = Debug|Any CPU
		{19E01235-AB20-452D-ABCC-A42E6CA4F33B}.Release|Any CPU.ActiveCfg = Release|Any CPU
		{19E01235-AB20-452D-ABCC-A42E6CA4F33B}.Release|Any CPU.Build.0 = Release|Any CPU
		{19E01235-AB20-452D-ABCC-A42E6CA4F33B}.Release|Mixed Platforms.ActiveCfg = Release|Any CPU
		{19E01235-AB20-452D-ABCC-A42E6CA4F33B}.Release|Mixed Platforms.Build.0 = Release|Any CPU
		{19E01235-AB20-452D-ABCC-A42E6CA4F33B}.Release|x64.ActiveCfg = Release|Any CPU
		{19E01235-AB20-452D-ABCC-A42E6CA4F33B}.Release|x64.Build.0 = Release|Any CPU
		{19E01235-AB20-452D-ABCC-A42E6CA4F33B}.Release|x86.ActiveCfg = Release|Any CPU
		{19E01235-AB20-452D-ABCC-A42E6CA4F33B}.Release|x86.Build.0 = Release|Any CPU
		{BA2B2995-0BD1-4EA7-8942-F031F7EB1F24}.Debug|Any CPU.ActiveCfg = Debug|Any CPU
		{BA2B2995-0BD1-4EA7-8942-F031F7EB1F24}.Debug|Any CPU.Build.0 = Debug|Any CPU
		{BA2B2995-0BD1-4EA7-8942-F031F7EB1F24}.Debug|Mixed Platforms.ActiveCfg = Debug|Any CPU
		{BA2B2995-0BD1-4EA7-8942-F031F7EB1F24}.Debug|Mixed Platforms.Build.0 = Debug|Any CPU
		{BA2B2995-0BD1-4EA7-8942-F031F7EB1F24}.Debug|x64.ActiveCfg = Debug|Any CPU
		{BA2B2995-0BD1-4EA7-8942-F031F7EB1F24}.Debug|x64.Build.0 = Debug|Any CPU
		{BA2B2995-0BD1-4EA7-8942-F031F7EB1F24}.Debug|x86.ActiveCfg = Debug|Any CPU
		{BA2B2995-0BD1-4EA7-8942-F031F7EB1F24}.Debug|x86.Build.0 = Debug|Any CPU
		{BA2B2995-0BD1-4EA7-8942-F031F7EB1F24}.Release|Any CPU.ActiveCfg = Release|Any CPU
		{BA2B2995-0BD1-4EA7-8942-F031F7EB1F24}.Release|Any CPU.Build.0 = Release|Any CPU
		{BA2B2995-0BD1-4EA7-8942-F031F7EB1F24}.Release|Mixed Platforms.ActiveCfg = Release|Any CPU
		{BA2B2995-0BD1-4EA7-8942-F031F7EB1F24}.Release|Mixed Platforms.Build.0 = Release|Any CPU
		{BA2B2995-0BD1-4EA7-8942-F031F7EB1F24}.Release|x64.ActiveCfg = Release|Any CPU
		{BA2B2995-0BD1-4EA7-8942-F031F7EB1F24}.Release|x64.Build.0 = Release|Any CPU
		{BA2B2995-0BD1-4EA7-8942-F031F7EB1F24}.Release|x86.ActiveCfg = Release|Any CPU
		{BA2B2995-0BD1-4EA7-8942-F031F7EB1F24}.Release|x86.Build.0 = Release|Any CPU
		{FD684185-5741-4EDB-95CA-92284CE768DF}.Debug|Any CPU.ActiveCfg = Debug|Any CPU
		{FD684185-5741-4EDB-95CA-92284CE768DF}.Debug|Any CPU.Build.0 = Debug|Any CPU
		{FD684185-5741-4EDB-95CA-92284CE768DF}.Debug|Mixed Platforms.ActiveCfg = Debug|Any CPU
		{FD684185-5741-4EDB-95CA-92284CE768DF}.Debug|Mixed Platforms.Build.0 = Debug|Any CPU
		{FD684185-5741-4EDB-95CA-92284CE768DF}.Debug|x64.ActiveCfg = Debug|Any CPU
		{FD684185-5741-4EDB-95CA-92284CE768DF}.Debug|x64.Build.0 = Debug|Any CPU
		{FD684185-5741-4EDB-95CA-92284CE768DF}.Debug|x86.ActiveCfg = Debug|Any CPU
		{FD684185-5741-4EDB-95CA-92284CE768DF}.Debug|x86.Build.0 = Debug|Any CPU
		{FD684185-5741-4EDB-95CA-92284CE768DF}.Release|Any CPU.ActiveCfg = Release|Any CPU
		{FD684185-5741-4EDB-95CA-92284CE768DF}.Release|Any CPU.Build.0 = Release|Any CPU
		{FD684185-5741-4EDB-95CA-92284CE768DF}.Release|Mixed Platforms.ActiveCfg = Release|Any CPU
		{FD684185-5741-4EDB-95CA-92284CE768DF}.Release|Mixed Platforms.Build.0 = Release|Any CPU
		{FD684185-5741-4EDB-95CA-92284CE768DF}.Release|x64.ActiveCfg = Release|Any CPU
		{FD684185-5741-4EDB-95CA-92284CE768DF}.Release|x64.Build.0 = Release|Any CPU
		{FD684185-5741-4EDB-95CA-92284CE768DF}.Release|x86.ActiveCfg = Release|Any CPU
		{FD684185-5741-4EDB-95CA-92284CE768DF}.Release|x86.Build.0 = Release|Any CPU
		{11768730-EE5D-4787-82CD-27CB53F8E0C7}.Debug|Any CPU.ActiveCfg = Debug|Any CPU
		{11768730-EE5D-4787-82CD-27CB53F8E0C7}.Debug|Any CPU.Build.0 = Debug|Any CPU
		{11768730-EE5D-4787-82CD-27CB53F8E0C7}.Debug|Mixed Platforms.ActiveCfg = Debug|Any CPU
		{11768730-EE5D-4787-82CD-27CB53F8E0C7}.Debug|Mixed Platforms.Build.0 = Debug|Any CPU
		{11768730-EE5D-4787-82CD-27CB53F8E0C7}.Debug|x64.ActiveCfg = Debug|Any CPU
		{11768730-EE5D-4787-82CD-27CB53F8E0C7}.Debug|x86.ActiveCfg = Debug|Any CPU
		{11768730-EE5D-4787-82CD-27CB53F8E0C7}.Release|Any CPU.ActiveCfg = Release|Any CPU
		{11768730-EE5D-4787-82CD-27CB53F8E0C7}.Release|Any CPU.Build.0 = Release|Any CPU
		{11768730-EE5D-4787-82CD-27CB53F8E0C7}.Release|Mixed Platforms.ActiveCfg = Release|Any CPU
		{11768730-EE5D-4787-82CD-27CB53F8E0C7}.Release|Mixed Platforms.Build.0 = Release|Any CPU
		{11768730-EE5D-4787-82CD-27CB53F8E0C7}.Release|x64.ActiveCfg = Release|Any CPU
		{11768730-EE5D-4787-82CD-27CB53F8E0C7}.Release|x86.ActiveCfg = Release|Any CPU
		{FCE8AE51-939B-4965-8228-48EC941B77A7}.Debug|Any CPU.ActiveCfg = Debug|Any CPU
		{FCE8AE51-939B-4965-8228-48EC941B77A7}.Debug|Any CPU.Build.0 = Debug|Any CPU
		{FCE8AE51-939B-4965-8228-48EC941B77A7}.Debug|Mixed Platforms.ActiveCfg = Debug|Any CPU
		{FCE8AE51-939B-4965-8228-48EC941B77A7}.Debug|Mixed Platforms.Build.0 = Debug|Any CPU
		{FCE8AE51-939B-4965-8228-48EC941B77A7}.Debug|x64.ActiveCfg = Debug|Any CPU
		{FCE8AE51-939B-4965-8228-48EC941B77A7}.Debug|x86.ActiveCfg = Debug|Any CPU
		{FCE8AE51-939B-4965-8228-48EC941B77A7}.Release|Any CPU.ActiveCfg = Release|Any CPU
		{FCE8AE51-939B-4965-8228-48EC941B77A7}.Release|Any CPU.Build.0 = Release|Any CPU
		{FCE8AE51-939B-4965-8228-48EC941B77A7}.Release|Mixed Platforms.ActiveCfg = Release|Any CPU
		{FCE8AE51-939B-4965-8228-48EC941B77A7}.Release|Mixed Platforms.Build.0 = Release|Any CPU
		{FCE8AE51-939B-4965-8228-48EC941B77A7}.Release|x64.ActiveCfg = Release|Any CPU
		{FCE8AE51-939B-4965-8228-48EC941B77A7}.Release|x86.ActiveCfg = Release|Any CPU
		{1B10E3EC-C22A-4E78-BF37-339B2801DCD6}.Debug|Any CPU.ActiveCfg = Debug|Any CPU
		{1B10E3EC-C22A-4E78-BF37-339B2801DCD6}.Debug|Any CPU.Build.0 = Debug|Any CPU
		{1B10E3EC-C22A-4E78-BF37-339B2801DCD6}.Debug|Mixed Platforms.ActiveCfg = Debug|Any CPU
		{1B10E3EC-C22A-4E78-BF37-339B2801DCD6}.Debug|Mixed Platforms.Build.0 = Debug|Any CPU
		{1B10E3EC-C22A-4E78-BF37-339B2801DCD6}.Debug|x64.ActiveCfg = Debug|Any CPU
		{1B10E3EC-C22A-4E78-BF37-339B2801DCD6}.Debug|x86.ActiveCfg = Debug|Any CPU
		{1B10E3EC-C22A-4E78-BF37-339B2801DCD6}.Release|Any CPU.ActiveCfg = Release|Any CPU
		{1B10E3EC-C22A-4E78-BF37-339B2801DCD6}.Release|Any CPU.Build.0 = Release|Any CPU
		{1B10E3EC-C22A-4E78-BF37-339B2801DCD6}.Release|Mixed Platforms.ActiveCfg = Release|Any CPU
		{1B10E3EC-C22A-4E78-BF37-339B2801DCD6}.Release|Mixed Platforms.Build.0 = Release|Any CPU
		{1B10E3EC-C22A-4E78-BF37-339B2801DCD6}.Release|x64.ActiveCfg = Release|Any CPU
		{1B10E3EC-C22A-4E78-BF37-339B2801DCD6}.Release|x86.ActiveCfg = Release|Any CPU
		{E2A39310-94C0-40D9-9B6F-0F1DCE11B1EB}.Debug|Any CPU.ActiveCfg = Debug|Any CPU
		{E2A39310-94C0-40D9-9B6F-0F1DCE11B1EB}.Debug|Any CPU.Build.0 = Debug|Any CPU
		{E2A39310-94C0-40D9-9B6F-0F1DCE11B1EB}.Debug|Mixed Platforms.ActiveCfg = Debug|Any CPU
		{E2A39310-94C0-40D9-9B6F-0F1DCE11B1EB}.Debug|Mixed Platforms.Build.0 = Debug|Any CPU
		{E2A39310-94C0-40D9-9B6F-0F1DCE11B1EB}.Debug|x64.ActiveCfg = Debug|Any CPU
		{E2A39310-94C0-40D9-9B6F-0F1DCE11B1EB}.Debug|x86.ActiveCfg = Debug|Any CPU
		{E2A39310-94C0-40D9-9B6F-0F1DCE11B1EB}.Release|Any CPU.ActiveCfg = Release|Any CPU
		{E2A39310-94C0-40D9-9B6F-0F1DCE11B1EB}.Release|Any CPU.Build.0 = Release|Any CPU
		{E2A39310-94C0-40D9-9B6F-0F1DCE11B1EB}.Release|Mixed Platforms.ActiveCfg = Release|Any CPU
		{E2A39310-94C0-40D9-9B6F-0F1DCE11B1EB}.Release|Mixed Platforms.Build.0 = Release|Any CPU
		{E2A39310-94C0-40D9-9B6F-0F1DCE11B1EB}.Release|x64.ActiveCfg = Release|Any CPU
		{E2A39310-94C0-40D9-9B6F-0F1DCE11B1EB}.Release|x86.ActiveCfg = Release|Any CPU
		{E0EBA34D-F1E7-4C50-AF4A-FD066A3014FC}.Debug|Any CPU.ActiveCfg = Debug|Any CPU
		{E0EBA34D-F1E7-4C50-AF4A-FD066A3014FC}.Debug|Any CPU.Build.0 = Debug|Any CPU
		{E0EBA34D-F1E7-4C50-AF4A-FD066A3014FC}.Debug|Mixed Platforms.ActiveCfg = Debug|Any CPU
		{E0EBA34D-F1E7-4C50-AF4A-FD066A3014FC}.Debug|Mixed Platforms.Build.0 = Debug|Any CPU
		{E0EBA34D-F1E7-4C50-AF4A-FD066A3014FC}.Debug|x64.ActiveCfg = Debug|Any CPU
		{E0EBA34D-F1E7-4C50-AF4A-FD066A3014FC}.Debug|x86.ActiveCfg = Debug|Any CPU
		{E0EBA34D-F1E7-4C50-AF4A-FD066A3014FC}.Release|Any CPU.ActiveCfg = Release|Any CPU
		{E0EBA34D-F1E7-4C50-AF4A-FD066A3014FC}.Release|Any CPU.Build.0 = Release|Any CPU
		{E0EBA34D-F1E7-4C50-AF4A-FD066A3014FC}.Release|Mixed Platforms.ActiveCfg = Release|Any CPU
		{E0EBA34D-F1E7-4C50-AF4A-FD066A3014FC}.Release|Mixed Platforms.Build.0 = Release|Any CPU
		{E0EBA34D-F1E7-4C50-AF4A-FD066A3014FC}.Release|x64.ActiveCfg = Release|Any CPU
		{E0EBA34D-F1E7-4C50-AF4A-FD066A3014FC}.Release|x86.ActiveCfg = Release|Any CPU
		{6C476256-5221-491F-B9AD-C6B3AA57DD0C}.Debug|Any CPU.ActiveCfg = Debug|Any CPU
		{6C476256-5221-491F-B9AD-C6B3AA57DD0C}.Debug|Any CPU.Build.0 = Debug|Any CPU
		{6C476256-5221-491F-B9AD-C6B3AA57DD0C}.Debug|Mixed Platforms.ActiveCfg = Debug|Any CPU
		{6C476256-5221-491F-B9AD-C6B3AA57DD0C}.Debug|Mixed Platforms.Build.0 = Debug|Any CPU
		{6C476256-5221-491F-B9AD-C6B3AA57DD0C}.Debug|x64.ActiveCfg = Debug|Any CPU
		{6C476256-5221-491F-B9AD-C6B3AA57DD0C}.Debug|x86.ActiveCfg = Debug|Any CPU
		{6C476256-5221-491F-B9AD-C6B3AA57DD0C}.Release|Any CPU.ActiveCfg = Release|Any CPU
		{6C476256-5221-491F-B9AD-C6B3AA57DD0C}.Release|Any CPU.Build.0 = Release|Any CPU
		{6C476256-5221-491F-B9AD-C6B3AA57DD0C}.Release|Mixed Platforms.ActiveCfg = Release|Any CPU
		{6C476256-5221-491F-B9AD-C6B3AA57DD0C}.Release|Mixed Platforms.Build.0 = Release|Any CPU
		{6C476256-5221-491F-B9AD-C6B3AA57DD0C}.Release|x64.ActiveCfg = Release|Any CPU
		{6C476256-5221-491F-B9AD-C6B3AA57DD0C}.Release|x86.ActiveCfg = Release|Any CPU
	EndGlobalSection
	GlobalSection(SolutionProperties) = preSolution
		HideSolutionNode = FALSE
	EndGlobalSection
	GlobalSection(NestedProjects) = preSolution
		{F80E8620-560A-42C3-83E4-5A398BF03BAE} = {5C0396E5-1FFF-441E-8E6A-25D873FB04C7}
		{9C351C83-D8D0-4839-A895-BDD8278B4086} = {5C0396E5-1FFF-441E-8E6A-25D873FB04C7}
		{9EE73C3E-7B08-4BAA-914B-3E6F290DD391} = {5C0396E5-1FFF-441E-8E6A-25D873FB04C7}
		{3BFFC46C-19D7-4B6F-A2D2-DE8F1BFBD7C8} = {DCA94556-6673-4EB1-A15E-75B0F096DDAD}
		{19E01235-AB20-452D-ABCC-A42E6CA4F33B} = {DCA94556-6673-4EB1-A15E-75B0F096DDAD}
		{BA2B2995-0BD1-4EA7-8942-F031F7EB1F24} = {DCA94556-6673-4EB1-A15E-75B0F096DDAD}
		{FD684185-5741-4EDB-95CA-92284CE768DF} = {DCA94556-6673-4EB1-A15E-75B0F096DDAD}
		{11768730-EE5D-4787-82CD-27CB53F8E0C7} = {DCA94556-6673-4EB1-A15E-75B0F096DDAD}
		{FCE8AE51-939B-4965-8228-48EC941B77A7} = {5C0396E5-1FFF-441E-8E6A-25D873FB04C7}
		{1B10E3EC-C22A-4E78-BF37-339B2801DCD6} = {25DE1EE8-F8C6-466F-8ED9-5F609AC33878}
		{E2A39310-94C0-40D9-9B6F-0F1DCE11B1EB} = {B7A73E20-6475-4CE4-8866-4D6732A8632E}
		{E0EBA34D-F1E7-4C50-AF4A-FD066A3014FC} = {25DE1EE8-F8C6-466F-8ED9-5F609AC33878}
		{B7A73E20-6475-4CE4-8866-4D6732A8632E} = {4DB42735-C56F-4FF6-A069-2E3313750AC0}
		{DCA94556-6673-4EB1-A15E-75B0F096DDAD} = {4DB42735-C56F-4FF6-A069-2E3313750AC0}
		{6C476256-5221-491F-B9AD-C6B3AA57DD0C} = {25DE1EE8-F8C6-466F-8ED9-5F609AC33878}
	EndGlobalSection
EndGlobal
